<?xml version="1.0" encoding="utf-8"?>
<Project ToolsVersion="4.0" xmlns="http://schemas.microsoft.com/developer/msbuild/2003">
  <ItemGroup>
    <Filter Include="Source Files">
      <UniqueIdentifier>{4FC737F1-C7A5-4376-A066-2A32D752A2FF}</UniqueIdentifier>
      <Extensions>cpp;c;cc;cxx;def;odl;idl;hpj;bat;asm;asmx</Extensions>
    </Filter>
    <Filter Include="Header Files">
      <UniqueIdentifier>{93995380-89BD-4b04-88EB-625FBE52EBFB}</UniqueIdentifier>
      <Extensions>h;hh;hpp;hxx;hm;inl;inc;xsd</Extensions>
    </Filter>
    <Filter Include="Resource Files">
      <UniqueIdentifier>{67DA6AB6-F800-4c08-8B7A-83BB121AAD01}</UniqueIdentifier>
      <Extensions>rc;ico;cur;bmp;dlg;rc2;rct;bin;rgs;gif;jpg;jpeg;jpe;resx;tiff;tif;png;wav;mfcribbon-ms</Extensions>
    </Filter>
  </ItemGroup>
  <ItemGroup>
    <ClCompile Include="des.cpp">
      <Filter>Source Files</Filter>
    </ClCompile>
    <ClCompile Include="keygen.cpp">
      <Filter>Source Files</Filter>
    </ClCompile>
    <ClCompile Include="permutator.cpp">
      <Filter>Source Files</Filter>
    </ClCompile>
    <ClCompile Include="rounds.cpp">
      <Filter>Source Files</Filter>
    </ClCompile>
    <ClCompile Include="file_processor.cpp">
      <Filter>Source Files</Filter>
    </ClCompile>
    <ClCompile Include="reverser.cpp">
      <Filter>Source Files</Filter>
    </ClCompile>
    <ClCompile Include="garbage_producer.cpp">
      <Filter>Source Files</Filter>
    </ClCompile>
    <ClCompile Include="error_handler.cpp">
      <Filter>Source Files</Filter>
    </ClCompile>
  </ItemGroup>
  <ItemGroup>
    <ClInclude Include="keygen.h">
      <Filter>Source Files</Filter>
    </ClInclude>
    <ClInclude Include="file_processor.h">
      <Filter>Source Files</Filter>
    </ClInclude>
    <ClInclude Include="permutator.h">
      <Filter>Source Files</Filter>
    </ClInclude>
    <ClInclude Include="rounds.h">
      <Filter>Source Files</Filter>
    </ClInclude>
    <ClInclude Include="mode.h">
      <Filter>Source Files</Filter>
    </ClInclude>
    <ClInclude Include="reverser.h">
      <Filter>Source Files</Filter>
    </ClInclude>
    <ClInclude Include="garbage_producer.h">
      <Filter>Source Files</Filter>
    </ClInclude>
    <ClInclude Include="sbox.h">
      <Filter>Source Files</Filter>
    </ClInclude>
    <ClInclude Include="error_handler.h">
      <Filter>Source Files</Filter>
    </ClInclude>
    <ClInclude Include="exit_code.h">
      <Filter>Source Files</Filter>
    </ClInclude>
  </ItemGroup>
</Project>